
Microsoft Visual Studio Solution File, Format Version 12.00
# Visual Studio Version 17
VisualStudioVersion = 17.10.35027.167
MinimumVisualStudioVersion = 10.0.40219.1
Project("{FAE04EC0-301F-11D3-BF4B-00C04F79EFBC}") = "S-ITPC316LA_LabAct3-Phonebook_BIT34_StaAna", "S-ITPC316LA_LabAct3-Phonebook_BIT34_StaAna\S-ITPC316LA_LabAct3-Phonebook_BIT34_StaAna.csproj", "{0EFA7545-4389-4C4B-AAF6-FA3A9013C932}"
EndProject
Project("{FAE04EC0-301F-11D3-BF4B-00C04F79EFBC}") = "DataAccess", "DataAccess\DataAccess.csproj", "{24C093A8-DCB2-4F1F-A04A-BF5491A2B4B0}"
EndProject
Global
	GlobalSection(SolutionConfigurationPlatforms) = preSolution
		Debug|Any CPU = Debug|Any CPU
		Release|Any CPU = Release|Any CPU
	EndGlobalSection
	GlobalSection(ProjectConfigurationPlatforms) = postSolution
		{0EFA7545-4389-4C4B-AAF6-FA3A9013C932}.Debug|Any CPU.ActiveCfg = Debug|Any CPU
		{0EFA7545-4389-4C4B-AAF6-FA3A9013C932}.Debug|Any CPU.Build.0 = Debug|Any CPU
		{0EFA7545-4389-4C4B-AAF6-FA3A9013C932}.Release|Any CPU.ActiveCfg = Release|Any CPU
		{0EFA7545-4389-4C4B-AAF6-FA3A9013C932}.Release|Any CPU.Build.0 = Release|Any CPU
		{24C093A8-DCB2-4F1F-A04A-BF5491A2B4B0}.Debug|Any CPU.ActiveCfg = Debug|Any CPU
		{24C093A8-DCB2-4F1F-A04A-BF5491A2B4B0}.Debug|Any CPU.Build.0 = Debug|Any CPU
		{24C093A8-DCB2-4F1F-A04A-BF5491A2B4B0}.Release|Any CPU.ActiveCfg = Release|Any CPU
		{24C093A8-DCB2-4F1F-A04A-BF5491A2B4B0}.Release|Any CPU.Build.0 = Release|Any CPU
	EndGlobalSection
	GlobalSection(SolutionProperties) = preSolution
		HideSolutionNode = FALSE
	EndGlobalSection
	GlobalSection(ExtensibilityGlobals) = postSolution
		SolutionGuid = {A0FF9277-4574-4085-828F-F388E6D24A90}
	EndGlobalSection
EndGlobal
